# This file is autogenerated, do not edit; changes may be undone by the next 'dep ensure'.


[[projects]]
  branch = "master"
  name = "github.com/google/logger"
  packages = ["."]
  revision = "5b2da9b226d18e59c7b5eb2648778cdd72fbeb77"

[[projects]]
  branch = "master"
  name = "golang.org/x/sys"
  packages = ["windows","windows/registry","windows/svc/eventlog"]
  revision = "d8f5ea21b9295e315e612b4bcf4bedea93454d4d"

[solve-meta]
  analyzer-name = "dep"
  analyzer-version = 1
  inputs-digest = "d963839f4832470a3b5d17555f6834d454173417e672398b77cbb80c66d758e5"
  solver-name = "gps-cdcl"
  solver-version = 1
